
Microsoft Visual Studio Solution File, Format Version 12.00
# Visual Studio Version 17
VisualStudioVersion = 17.8.34316.72
MinimumVisualStudioVersion = 10.0.40219.1
Project("{FAE04EC0-301F-11D3-BF4B-00C04F79EFBC}") = "SudokuSolver", "SudokuSolver\SudokuSolver.csproj", "{09786F07-C7EF-44E0-A282-104AE6E4BC3E}"
EndProject
Global
	GlobalSection(SolutionConfigurationPlatforms) = preSolution
		Debug|Any CPU = Debug|Any CPU
		Release|Any CPU = Release|Any CPU
	EndGlobalSection
	GlobalSection(ProjectConfigurationPlatforms) = postSolution
		{09786F07-C7EF-44E0-A282-104AE6E4BC3E}.Debug|Any CPU.ActiveCfg = Debug|Any CPU
		{09786F07-C7EF-44E0-A282-104AE6E4BC3E}.Debug|Any CPU.Build.0 = Debug|Any CPU
		{09786F07-C7EF-44E0-A282-104AE6E4BC3E}.Release|Any CPU.ActiveCfg = Release|Any CPU
		{09786F07-C7EF-44E0-A282-104AE6E4BC3E}.Release|Any CPU.Build.0 = Release|Any CPU
	EndGlobalSection
	GlobalSection(SolutionProperties) = preSolution
		HideSolutionNode = FALSE
	EndGlobalSection
	GlobalSection(ExtensibilityGlobals) = postSolution
		SolutionGuid = {4D4C8417-E0AF-461A-9D70-26BEE5FCFF74}
	EndGlobalSection
EndGlobal
